
Microsoft Visual Studio Solution File, Format Version 12.00
# Visual Studio Version 17
VisualStudioVersion = 17.14.36327.8 d17.14
MinimumVisualStudioVersion = 10.0.40219.1
Project("{FAE04EC0-301F-11D3-BF4B-00C04F79EFBC}") = "Hoyos_Yrigoyn", "Hoyos_Yrigoyn\Hoyos_Yrigoyn.csproj", "{348B699B-80F0-4BC3-8F17-F4CD5AABB130}"
EndProject
Global
	GlobalSection(SolutionConfigurationPlatforms) = preSolution
		Debug|Any CPU = Debug|Any CPU
		Release|Any CPU = Release|Any CPU
	EndGlobalSection
	GlobalSection(ProjectConfigurationPlatforms) = postSolution
		{348B699B-80F0-4BC3-8F17-F4CD5AABB130}.Debug|Any CPU.ActiveCfg = Debug|Any CPU
		{348B699B-80F0-4BC3-8F17-F4CD5AABB130}.Debug|Any CPU.Build.0 = Debug|Any CPU
		{348B699B-80F0-4BC3-8F17-F4CD5AABB130}.Release|Any CPU.ActiveCfg = Release|Any CPU
		{348B699B-80F0-4BC3-8F17-F4CD5AABB130}.Release|Any CPU.Build.0 = Release|Any CPU
	EndGlobalSection
	GlobalSection(SolutionProperties) = preSolution
		HideSolutionNode = FALSE
	EndGlobalSection
	GlobalSection(ExtensibilityGlobals) = postSolution
		SolutionGuid = {DAA99AD9-ADDB-48D5-9816-E5CE1DCE1156}
	EndGlobalSection
EndGlobal
