
Microsoft Visual Studio Solution File, Format Version 12.00
# Visual Studio Version 17
VisualStudioVersion = 17.14.36327.8 d17.14
MinimumVisualStudioVersion = 10.0.40219.1
Project("{FAE04EC0-301F-11D3-BF4B-00C04F79EFBC}") = "Biblioteca_oficial_animalitos", "Biblioteca_oficial_animalitos\Biblioteca_oficial_animalitos.csproj", "{59BACAE0-7239-497D-A02E-AC6994D1B31B}"
EndProject
Global
	GlobalSection(SolutionConfigurationPlatforms) = preSolution
		Debug|Any CPU = Debug|Any CPU
		Release|Any CPU = Release|Any CPU
	EndGlobalSection
	GlobalSection(ProjectConfigurationPlatforms) = postSolution
		{59BACAE0-7239-497D-A02E-AC6994D1B31B}.Debug|Any CPU.ActiveCfg = Debug|Any CPU
		{59BACAE0-7239-497D-A02E-AC6994D1B31B}.Debug|Any CPU.Build.0 = Debug|Any CPU
		{59BACAE0-7239-497D-A02E-AC6994D1B31B}.Release|Any CPU.ActiveCfg = Release|Any CPU
		{59BACAE0-7239-497D-A02E-AC6994D1B31B}.Release|Any CPU.Build.0 = Release|Any CPU
	EndGlobalSection
	GlobalSection(SolutionProperties) = preSolution
		HideSolutionNode = FALSE
	EndGlobalSection
	GlobalSection(ExtensibilityGlobals) = postSolution
		SolutionGuid = {A7971CC8-884A-4941-9138-A02659AB970C}
	EndGlobalSection
EndGlobal
